github.com/h12w/go-socks5 v0.0.0-20200522160539-76189e178364/go.mod h1:eDJQioIyy4Yn3MVivT7rv/39gAJTrA7lgmYr8EW950c=
github.com/phayes/freeport v0.0.0-20180830031419-95f893ade6f2/go.mod h1:iIss55rKnNBTvrwdmkUpLnDpZoAHvWaiq5+iMmen4AE=
h12.io/socks v1.0.3 h1:Ka3qaQewws4j4/eDQnOdpr4wXsC//dXtWvftlIcCQUo=
h12.io/socks v1.0.3/go.mod h1:AIhxy1jOId/XCz9BO+EIgNL2rQiPTBNnOfnVnQ+3Eck=
